
Microsoft Visual Studio Solution File, Format Version 12.00
# Visual Studio Version 17
VisualStudioVersion = 17.14.36717.8
MinimumVisualStudioVersion = 10.0.40219.1
Project("{FAE04EC0-301F-11D3-BF4B-00C04F79EFBC}") = "MyPet", "MyPet\MyPet.csproj", "{D284856C-C261-4E7D-92A1-F5EFA024B3E6}"
EndProject
Project("{FAE04EC0-301F-11D3-BF4B-00C04F79EFBC}") = "TestPet", "TestPet\TestPet.csproj", "{BC95AD82-72CD-4A20-85E2-C80E9FA739D0}"
EndProject
Project("{FAE04EC0-301F-11D3-BF4B-00C04F79EFBC}") = "MyPetWinForm", "MyPetWinForm\MyPetWinForm.csproj", "{7985BE5B-0849-4094-99E7-B5D1159BBA0B}"
EndProject
Global
	GlobalSection(SolutionConfigurationPlatforms) = preSolution
		Debug|Any CPU = Debug|Any CPU
		Release|Any CPU = Release|Any CPU
	EndGlobalSection
	GlobalSection(ProjectConfigurationPlatforms) = postSolution
		{D284856C-C261-4E7D-92A1-F5EFA024B3E6}.Debug|Any CPU.ActiveCfg = Debug|Any CPU
		{D284856C-C261-4E7D-92A1-F5EFA024B3E6}.Debug|Any CPU.Build.0 = Debug|Any CPU
		{D284856C-C261-4E7D-92A1-F5EFA024B3E6}.Release|Any CPU.ActiveCfg = Release|Any CPU
		{D284856C-C261-4E7D-92A1-F5EFA024B3E6}.Release|Any CPU.Build.0 = Release|Any CPU
		{BC95AD82-72CD-4A20-85E2-C80E9FA739D0}.Debug|Any CPU.ActiveCfg = Debug|Any CPU
		{BC95AD82-72CD-4A20-85E2-C80E9FA739D0}.Debug|Any CPU.Build.0 = Debug|Any CPU
		{BC95AD82-72CD-4A20-85E2-C80E9FA739D0}.Release|Any CPU.ActiveCfg = Release|Any CPU
		{BC95AD82-72CD-4A20-85E2-C80E9FA739D0}.Release|Any CPU.Build.0 = Release|Any CPU
		{7985BE5B-0849-4094-99E7-B5D1159BBA0B}.Debug|Any CPU.ActiveCfg = Debug|Any CPU
		{7985BE5B-0849-4094-99E7-B5D1159BBA0B}.Debug|Any CPU.Build.0 = Debug|Any CPU
		{7985BE5B-0849-4094-99E7-B5D1159BBA0B}.Release|Any CPU.ActiveCfg = Release|Any CPU
		{7985BE5B-0849-4094-99E7-B5D1159BBA0B}.Release|Any CPU.Build.0 = Release|Any CPU
	EndGlobalSection
	GlobalSection(SolutionProperties) = preSolution
		HideSolutionNode = FALSE
	EndGlobalSection
	GlobalSection(ExtensibilityGlobals) = postSolution
		SolutionGuid = {DD1E0024-9261-489D-B6E4-6597E8E4E453}
	EndGlobalSection
EndGlobal
